<Solution>
  <Project Path="HealthTracker.Api/HealthTracker.Api.csproj" />
  <Project Path="HealthTracker.Worker/HealthTracker.Worker.csproj" />
  <Project Path="HealthTracker.AppHost/HealthTracker.AppHost.csproj" />
  <Project Path="HealthTracker.ServiceDefaults/HealthTracker.ServiceDefaults.csproj" />
</Solution>
